
Microsoft Visual Studio Solution File, Format Version 12.00
# Visual Studio Version 17
VisualStudioVersion = 17.4.33103.184
MinimumVisualStudioVersion = 10.0.40219.1
Project("{9A19103F-16F7-4668-BE54-9A1E7A4F7556}") = "nether", "nether.csproj", "{E8D5714A-63C7-4617-8890-43A3193B0AED}"
EndProject
Global
	GlobalSection(SolutionConfigurationPlatforms) = preSolution
		Debug|Any CPU = Debug|Any CPU
		Release|Any CPU = Release|Any CPU
	EndGlobalSection
	GlobalSection(ProjectConfigurationPlatforms) = postSolution
		{E8D5714A-63C7-4617-8890-43A3193B0AED}.Debug|Any CPU.ActiveCfg = Debug|Any CPU
		{E8D5714A-63C7-4617-8890-43A3193B0AED}.Debug|Any CPU.Build.0 = Debug|Any CPU
		{E8D5714A-63C7-4617-8890-43A3193B0AED}.Release|Any CPU.ActiveCfg = Release|Any CPU
		{E8D5714A-63C7-4617-8890-43A3193B0AED}.Release|Any CPU.Build.0 = Release|Any CPU
	EndGlobalSection
	GlobalSection(SolutionProperties) = preSolution
		HideSolutionNode = FALSE
	EndGlobalSection
	GlobalSection(ExtensibilityGlobals) = postSolution
		SolutionGuid = {D9CC4AB0-391A-4444-B233-7E65F8AEFD34}
	EndGlobalSection
EndGlobal
