
Microsoft Visual Studio Solution File, Format Version 12.00
# Visual Studio Version 17
VisualStudioVersion = 17.4.33103.184
MinimumVisualStudioVersion = 10.0.40219.1
Project("{FAE04EC0-301F-11D3-BF4B-00C04F79EFBC}") = "Metadata", "Metadata.csproj", "{CA1C23D6-76DF-4E02-A80B-2281CE938A54}"
EndProject
Global
	GlobalSection(SolutionConfigurationPlatforms) = preSolution
		Debug|Any CPU = Debug|Any CPU
		Release|Any CPU = Release|Any CPU
	EndGlobalSection
	GlobalSection(ProjectConfigurationPlatforms) = postSolution
		{CA1C23D6-76DF-4E02-A80B-2281CE938A54}.Debug|Any CPU.ActiveCfg = Debug|Any CPU
		{CA1C23D6-76DF-4E02-A80B-2281CE938A54}.Debug|Any CPU.Build.0 = Debug|Any CPU
		{CA1C23D6-76DF-4E02-A80B-2281CE938A54}.Release|Any CPU.ActiveCfg = Release|Any CPU
		{CA1C23D6-76DF-4E02-A80B-2281CE938A54}.Release|Any CPU.Build.0 = Release|Any CPU
	EndGlobalSection
	GlobalSection(SolutionProperties) = preSolution
		HideSolutionNode = FALSE
	EndGlobalSection
	GlobalSection(ExtensibilityGlobals) = postSolution
		SolutionGuid = {C2119E41-6B4C-44AB-9368-4E8B4143E755}
	EndGlobalSection
EndGlobal
